
Microsoft Visual Studio Solution File, Format Version 12.00
# Visual Studio Version 17
VisualStudioVersion = 17.4.33205.214
MinimumVisualStudioVersion = 10.0.40219.1
Project("{FAE04EC0-301F-11D3-BF4B-00C04F79EFBC}") = "GestionDeStockk", "GestionDeStockk\GestionDeStockk.csproj", "{5EDC8433-32E0-4DC8-8AB6-EDEBA78135CC}"
EndProject
Global
	GlobalSection(SolutionConfigurationPlatforms) = preSolution
		Debug|Any CPU = Debug|Any CPU
		Release|Any CPU = Release|Any CPU
	EndGlobalSection
	GlobalSection(ProjectConfigurationPlatforms) = postSolution
		{5EDC8433-32E0-4DC8-8AB6-EDEBA78135CC}.Debug|Any CPU.ActiveCfg = Debug|Any CPU
		{5EDC8433-32E0-4DC8-8AB6-EDEBA78135CC}.Debug|Any CPU.Build.0 = Debug|Any CPU
		{5EDC8433-32E0-4DC8-8AB6-EDEBA78135CC}.Release|Any CPU.ActiveCfg = Release|Any CPU
		{5EDC8433-32E0-4DC8-8AB6-EDEBA78135CC}.Release|Any CPU.Build.0 = Release|Any CPU
	EndGlobalSection
	GlobalSection(SolutionProperties) = preSolution
		HideSolutionNode = FALSE
	EndGlobalSection
	GlobalSection(ExtensibilityGlobals) = postSolution
		SolutionGuid = {78CC2327-E47D-48DD-9CCA-018C37BE9892}
	EndGlobalSection
EndGlobal
